{
    "_readme": [
        "This file locks the dependencies of your project to a known state",
        "Read more about it at https://getcomposer.org/doc/01-basic-usage.md#installing-dependencies",
        "This file is @generated automatically"
    ],
    "content-hash": "e40088b624c161a7c3a2a0434ed9e430",
    "packages": [
        {
            "name": "erusev/parsedown",
            "version": "1.7.4",
            "source": {
                "type": "git",
                "url": "https://github.com/erusev/parsedown.git",
                "reference": "cb17b6477dfff935958ba01325f2e8a2bfa6dab3"
            },
            "dist": {
                "type": "zip",
                "url": "https://api.github.com/repos/erusev/parsedown/zipball/cb17b6477dfff935958ba01325f2e8a2bfa6dab3",
                "reference": "cb17b6477dfff935958ba01325f2e8a2bfa6dab3",
                "shasum": ""
            },
            "require": {
                "ext-mbstring": "*",
                "php": ">=5.3.0"
            },
            "require-dev": {
                "phpunit/phpunit": "^4.8.35"
            },
            "type": "library",
            "autoload": {
                "psr-0": {
                    "Parsedown": ""
                }
            },
            "notification-url": "https://packagist.org/downloads/",
            "license": [
                "MIT"
            ],
            "authors": [
                {
                    "name": "Emanuil Rusev",
                    "email": "hello@erusev.com",
                    "homepage": "http://erusev.com"
                }
            ],
            "description": "Parser for Markdown.",
            "homepage": "http://parsedown.org",
            "keywords": [
                "markdown",
                "parser"
            ],
            "time": "2019-12-30T22:54:17+00:00"
        },
        {
            "name": "filp/whoops",
            "version": "2.7.1",
            "source": {
                "type": "git",
                "url": "https://github.com/filp/whoops.git",
                "reference": "fff6f1e4f36be0e0d0b84d66b413d9dcb0c49130"
            },
            "dist": {
                "type": "zip",
                "url": "https://api.github.com/repos/filp/whoops/zipball/fff6f1e4f36be0e0d0b84d66b413d9dcb0c49130",
                "reference": "fff6f1e4f36be0e0d0b84d66b413d9dcb0c49130",
                "shasum": ""
            },
            "require": {
                "php": "^5.5.9 || ^7.0",
                "psr/log": "^1.0.1"
            },
            "require-dev": {
                "mockery/mockery": "^0.9 || ^1.0",
                "phpunit/phpunit": "^4.8.35 || ^5.7 || ^6.0",
                "symfony/var-dumper": "^2.6 || ^3.0 || ^4.0 || ^5.0"
            },
            "suggest": {
                "symfony/var-dumper": "Pretty print complex values better with var-dumper available",
                "whoops/soap": "Formats errors as SOAP responses"
            },
            "type": "library",
            "extra": {
                "branch-alias": {
                    "dev-master": "2.6-dev"
                }
            },
            "autoload": {
                "psr-4": {
                    "Whoops\\": "src/Whoops/"
                }
            },
            "notification-url": "https://packagist.org/downloads/",
            "license": [
                "MIT"
            ],
            "authors": [
                {
                    "name": "Filipe Dobreira",
                    "homepage": "https://github.com/filp",
                    "role": "Developer"
                }
            ],
            "description": "php error handling for cool kids",
            "homepage": "https://filp.github.io/whoops/",
            "keywords": [
                "error",
                "exception",
                "handling",
                "library",
                "throwable",
                "whoops"
            ],
            "time": "2020-01-15T10:00:00+00:00"
        },
        {
            "name": "league/flysystem",
            "version": "1.0.66",
            "source": {
                "type": "git",
                "url": "https://github.com/thephpleague/flysystem.git",
                "reference": "021569195e15f8209b1c4bebb78bd66aa4f08c21"
            },
            "dist": {
                "type": "zip",
                "url": "https://api.github.com/repos/thephpleague/flysystem/zipball/021569195e15f8209b1c4bebb78bd66aa4f08c21",
                "reference": "021569195e15f8209b1c4bebb78bd66aa4f08c21",
                "shasum": ""
            },
            "require": {
                "ext-fileinfo": "*",
                "php": ">=5.5.9"
            },
            "conflict": {
                "league/flysystem-sftp": "<1.0.6"
            },
            "require-dev": {
                "phpspec/phpspec": "^3.4",
                "phpunit/phpunit": "^5.7.26"
            },
            "suggest": {
                "ext-fileinfo": "Required for MimeType",
                "ext-ftp": "Allows you to use FTP server storage",
                "ext-openssl": "Allows you to use FTPS server storage",
                "league/flysystem-aws-s3-v2": "Allows you to use S3 storage with AWS SDK v2",
                "league/flysystem-aws-s3-v3": "Allows you to use S3 storage with AWS SDK v3",
                "league/flysystem-azure": "Allows you to use Windows Azure Blob storage",
                "league/flysystem-cached-adapter": "Flysystem adapter decorator for metadata caching",
                "league/flysystem-eventable-filesystem": "Allows you to use EventableFilesystem",
                "league/flysystem-rackspace": "Allows you to use Rackspace Cloud Files",
                "league/flysystem-sftp": "Allows you to use SFTP server storage via phpseclib",
                "league/flysystem-webdav": "Allows you to use WebDAV storage",
                "league/flysystem-ziparchive": "Allows you to use ZipArchive adapter",
                "spatie/flysystem-dropbox": "Allows you to use Dropbox storage",
                "srmklive/flysystem-dropbox-v2": "Allows you to use Dropbox storage for PHP 5 applications"
            },
            "type": "library",
            "extra": {
                "branch-alias": {
                    "dev-master": "1.1-dev"
                }
            },
            "autoload": {
                "psr-4": {
                    "League\\Flysystem\\": "src/"
                }
            },
            "notification-url": "https://packagist.org/downloads/",
            "license": [
                "MIT"
            ],
            "authors": [
                {
                    "name": "Frank de Jonge",
                    "email": "info@frenky.net"
                }
            ],
            "description": "Filesystem abstraction: Many filesystems, one API.",
            "keywords": [
                "Cloud Files",
                "WebDAV",
                "abstraction",
                "aws",
                "cloud",
                "copy.com",
                "dropbox",
                "file systems",
                "files",
                "filesystem",
                "filesystems",
                "ftp",
                "rackspace",
                "remote",
                "s3",
                "sftp",
                "storage"
            ],
            "time": "2020-03-17T18:58:12+00:00"
        },
        {
            "name": "phpoption/phpoption",
            "version": "1.7.3",
            "source": {
                "type": "git",
                "url": "https://github.com/schmittjoh/php-option.git",
                "reference": "4acfd6a4b33a509d8c88f50e5222f734b6aeebae"
            },
            "dist": {
                "type": "zip",
                "url": "https://api.github.com/repos/schmittjoh/php-option/zipball/4acfd6a4b33a509d8c88f50e5222f734b6aeebae",
                "reference": "4acfd6a4b33a509d8c88f50e5222f734b6aeebae",
                "shasum": ""
            },
            "require": {
                "php": "^5.5.9 || ^7.0 || ^8.0"
            },
            "require-dev": {
                "bamarni/composer-bin-plugin": "^1.3",
                "phpunit/phpunit": "^4.8.35 || ^5.0 || ^6.0 || ^7.0"
            },
            "type": "library",
            "extra": {
                "branch-alias": {
                    "dev-master": "1.7-dev"
                }
            },
            "autoload": {
                "psr-4": {
                    "PhpOption\\": "src/PhpOption/"
                }
            },
            "notification-url": "https://packagist.org/downloads/",
            "license": [
                "Apache-2.0"
            ],
            "authors": [
                {
                    "name": "Johannes M. Schmitt",
                    "email": "schmittjoh@gmail.com"
                },
                {
                    "name": "Graham Campbell",
                    "email": "graham@alt-three.com"
                }
            ],
            "description": "Option Type for PHP",
            "keywords": [
                "language",
                "option",
                "php",
                "type"
            ],
            "time": "2020-03-21T18:07:53+00:00"
        },
        {
            "name": "psr/log",
            "version": "1.1.3",
            "source": {
                "type": "git",
                "url": "https://github.com/php-fig/log.git",
                "reference": "0f73288fd15629204f9d42b7055f72dacbe811fc"
            },
            "dist": {
                "type": "zip",
                "url": "https://api.github.com/repos/php-fig/log/zipball/0f73288fd15629204f9d42b7055f72dacbe811fc",
                "reference": "0f73288fd15629204f9d42b7055f72dacbe811fc",
                "shasum": ""
            },
            "require": {
                "php": ">=5.3.0"
            },
            "type": "library",
            "extra": {
                "branch-alias": {
                    "dev-master": "1.1.x-dev"
                }
            },
            "autoload": {
                "psr-4": {
                    "Psr\\Log\\": "Psr/Log/"
                }
            },
            "notification-url": "https://packagist.org/downloads/",
            "license": [
                "MIT"
            ],
            "authors": [
                {
                    "name": "PHP-FIG",
                    "homepage": "http://www.php-fig.org/"
                }
            ],
            "description": "Common interface for logging libraries",
            "homepage": "https://github.com/php-fig/log",
            "keywords": [
                "log",
                "psr",
                "psr-3"
            ],
            "time": "2020-03-23T09:12:05+00:00"
        },
        {
            "name": "symfony/polyfill-ctype",
            "version": "v1.15.0",
            "source": {
                "type": "git",
                "url": "https://github.com/symfony/polyfill-ctype.git",
                "reference": "4719fa9c18b0464d399f1a63bf624b42b6fa8d14"
            },
            "dist": {
                "type": "zip",
                "url": "https://api.github.com/repos/symfony/polyfill-ctype/zipball/4719fa9c18b0464d399f1a63bf624b42b6fa8d14",
                "reference": "4719fa9c18b0464d399f1a63bf624b42b6fa8d14",
                "shasum": ""
            },
            "require": {
                "php": ">=5.3.3"
            },
            "suggest": {
                "ext-ctype": "For best performance"
            },
            "type": "library",
            "extra": {
                "branch-alias": {
                    "dev-master": "1.15-dev"
                }
            },
            "autoload": {
                "psr-4": {
                    "Symfony\\Polyfill\\Ctype\\": ""
                },
                "files": [
                    "bootstrap.php"
                ]
            },
            "notification-url": "https://packagist.org/downloads/",
            "license": [
                "MIT"
            ],
            "authors": [
                {
                    "name": "Gert de Pagter",
                    "email": "BackEndTea@gmail.com"
                },
                {
                    "name": "Symfony Community",
                    "homepage": "https://symfony.com/contributors"
                }
            ],
            "description": "Symfony polyfill for ctype functions",
            "homepage": "https://symfony.com",
            "keywords": [
                "compatibility",
                "ctype",
                "polyfill",
                "portable"
            ],
            "time": "2020-02-27T09:26:54+00:00"
        },
        {
            "name": "vlucas/phpdotenv",
            "version": "v4.1.3",
            "source": {
                "type": "git",
                "url": "https://github.com/vlucas/phpdotenv.git",
                "reference": "88f7acc95150bca002a498899f8b52f318e444c2"
            },
            "dist": {
                "type": "zip",
                "url": "https://api.github.com/repos/vlucas/phpdotenv/zipball/88f7acc95150bca002a498899f8b52f318e444c2",
                "reference": "88f7acc95150bca002a498899f8b52f318e444c2",
                "shasum": ""
            },
            "require": {
                "php": "^5.5.9 || ^7.0",
                "phpoption/phpoption": "^1.7.2",
                "symfony/polyfill-ctype": "^1.9"
            },
            "require-dev": {
                "bamarni/composer-bin-plugin": "^1.3",
                "ext-filter": "*",
                "ext-pcre": "*",
                "phpunit/phpunit": "^4.8.35 || ^5.0 || ^6.0 || ^7.0"
            },
            "suggest": {
                "ext-filter": "Required to use the boolean validator.",
                "ext-pcre": "Required to use most of the library."
            },
            "type": "library",
            "extra": {
                "branch-alias": {
                    "dev-master": "4.1-dev"
                }
            },
            "autoload": {
                "psr-4": {
                    "Dotenv\\": "src/"
                }
            },
            "notification-url": "https://packagist.org/downloads/",
            "license": [
                "BSD-3-Clause"
            ],
            "authors": [
                {
                    "name": "Graham Campbell",
                    "email": "graham@alt-three.com",
                    "homepage": "https://gjcampbell.co.uk/"
                },
                {
                    "name": "Vance Lucas",
                    "email": "vance@vancelucas.com",
                    "homepage": "https://vancelucas.com/"
                }
            ],
            "description": "Loads environment variables from `.env` to `getenv()`, `$_ENV` and `$_SERVER` automagically.",
            "keywords": [
                "dotenv",
                "env",
                "environment"
            ],
            "time": "2020-03-27T23:37:15+00:00"
        },
        {
            "name": "wjiec/bops",
            "version": "dev-master",
            "source": {
                "type": "git",
                "url": "https://github.com/wjiec/php-bops.git",
                "reference": "d04e7ea643fe43d4ccb0f619eaef823b342378df"
            },
            "dist": {
                "type": "zip",
                "url": "https://api.github.com/repos/wjiec/php-bops/zipball/d04e7ea643fe43d4ccb0f619eaef823b342378df",
                "reference": "d04e7ea643fe43d4ccb0f619eaef823b342378df",
                "shasum": ""
            },
            "require": {
                "ext-json": "*",
                "ext-mbstring": "*",
                "ext-phalcon": "^3.4",
                "ext-sockets": "*",
                "filp/whoops": "^2.7",
                "league/flysystem": "^1.0",
                "php": ">=7.2",
                "psr/log": "^1.1",
                "vlucas/phpdotenv": "^4.1",
                "wjiec/xet": "^1.0"
            },
            "require-dev": {
                "php-amqplib/php-amqplib": "^2.11",
                "phpunit/phpunit": "^8.5"
            },
            "suggest": {
                "php-amqplib/php-amqplib": "Allow sending log messages to an AMQP server using php-amqplib"
            },
            "type": "library",
            "autoload": {
                "psr-4": {
                    "Bops\\": "src/framework/",
                    "Bops\\Provider\\": "src/provider/"
                },
                "files": [
                    "src/helper.php"
                ]
            },
            "notification-url": "https://packagist.org/downloads/",
            "license": [
                "MIT"
            ],
            "authors": [
                {
                    "name": "Jayson Wang",
                    "email": "jayson@laboys.org"
                }
            ],
            "description": "An phalcon-based secondary development framework",
            "homepage": "https://github.com/wjiec/php-bops",
            "time": "2020-04-04T14:25:37+00:00"
        },
        {
            "name": "wjiec/xet",
            "version": "1.0.0",
            "source": {
                "type": "git",
                "url": "https://github.com/wjiec/php-xet.git",
                "reference": "38fd2184409e88484435488b1fb9a08073cdedf8"
            },
            "dist": {
                "type": "zip",
                "url": "https://api.github.com/repos/wjiec/php-xet/zipball/38fd2184409e88484435488b1fb9a08073cdedf8",
                "reference": "38fd2184409e88484435488b1fb9a08073cdedf8",
                "shasum": ""
            },
            "require": {
                "ext-json": "*",
                "ext-mbstring": "*",
                "ext-openssl": "*",
                "php": ">=7.1"
            },
            "require-dev": {
                "phpunit/phpunit": "^8.5"
            },
            "type": "library",
            "autoload": {
                "psr-4": {
                    "Xet\\": "src/"
                },
                "files": [
                    "src/functions.php"
                ]
            },
            "notification-url": "https://packagist.org/downloads/",
            "license": [
                "MIT"
            ],
            "authors": [
                {
                    "name": "Jayson Wang",
                    "email": "jayson@laboys.org"
                }
            ],
            "description": "Utility methods for php",
            "homepage": "https://github.com/wjiec/php-xet",
            "time": "2020-03-14T10:22:57+00:00"
        }
    ],
    "packages-dev": [],
    "aliases": [],
    "minimum-stability": "stable",
    "stability-flags": {
        "wjiec/bops": 20
    },
    "prefer-stable": false,
    "prefer-lowest": false,
    "platform": {
        "php": ">=7.1",
        "ext-pdo": "*",
        "ext-json": "*",
        "ext-openssl": "*",
        "ext-mbstring": "*"
    },
    "platform-dev": []
}
